
Microsoft Visual Studio Solution File, Format Version 12.00
# Visual Studio Version 17
VisualStudioVersion = 17.1.32421.90
MinimumVisualStudioVersion = 10.0.40219.1
Project("{9A19103F-16F7-4668-BE54-9A1E7A4F7556}") = "Repeater", "Repeater-Src\Repeater.csproj", "{CE4C9071-1D5C-4EBB-91CE-57B18AF8DE33}"
EndProject
Global
	GlobalSection(SolutionConfigurationPlatforms) = preSolution
		Debug|Any CPU = Debug|Any CPU
		Release|Any CPU = Release|Any CPU
	EndGlobalSection
	GlobalSection(ProjectConfigurationPlatforms) = postSolution
		{CE4C9071-1D5C-4EBB-91CE-57B18AF8DE33}.Debug|Any CPU.ActiveCfg = Debug|Any CPU
		{CE4C9071-1D5C-4EBB-91CE-57B18AF8DE33}.Debug|Any CPU.Build.0 = Debug|Any CPU
		{CE4C9071-1D5C-4EBB-91CE-57B18AF8DE33}.Release|Any CPU.ActiveCfg = Release|Any CPU
		{CE4C9071-1D5C-4EBB-91CE-57B18AF8DE33}.Release|Any CPU.Build.0 = Release|Any CPU
	EndGlobalSection
	GlobalSection(SolutionProperties) = preSolution
		HideSolutionNode = FALSE
	EndGlobalSection
	GlobalSection(ExtensibilityGlobals) = postSolution
		SolutionGuid = {30A84344-DA27-4C07-BF81-126617C75C5A}
	EndGlobalSection
EndGlobal
