
Microsoft Visual Studio Solution File, Format Version 12.00
# Visual Studio Version 17
VisualStudioVersion = 17.5.002.0
MinimumVisualStudioVersion = 10.0.40219.1
Project("{9A19103F-16F7-4668-BE54-9A1E7A4F7556}") = "Repeater", "Repeater.csproj", "{51B4E42F-FC09-4DDA-8A9C-55E22A244842}"
EndProject
Global
	GlobalSection(SolutionConfigurationPlatforms) = preSolution
		Debug|Any CPU = Debug|Any CPU
		Release|Any CPU = Release|Any CPU
	EndGlobalSection
	GlobalSection(ProjectConfigurationPlatforms) = postSolution
		{51B4E42F-FC09-4DDA-8A9C-55E22A244842}.Debug|Any CPU.ActiveCfg = Debug|Any CPU
		{51B4E42F-FC09-4DDA-8A9C-55E22A244842}.Debug|Any CPU.Build.0 = Debug|Any CPU
		{51B4E42F-FC09-4DDA-8A9C-55E22A244842}.Release|Any CPU.ActiveCfg = Release|Any CPU
		{51B4E42F-FC09-4DDA-8A9C-55E22A244842}.Release|Any CPU.Build.0 = Release|Any CPU
	EndGlobalSection
	GlobalSection(SolutionProperties) = preSolution
		HideSolutionNode = FALSE
	EndGlobalSection
	GlobalSection(ExtensibilityGlobals) = postSolution
		SolutionGuid = {050C2ED9-C8EC-461C-A517-8303DBB811C0}
	EndGlobalSection
EndGlobal
